
Microsoft Visual Studio Solution File, Format Version 12.00
# Visual Studio Version 16
VisualStudioVersion = 16.0.29728.190
MinimumVisualStudioVersion = 10.0.40219.1
Project("{FAE04EC0-301F-11D3-BF4B-00C04F79EFBC}") = "Numeric", "Numeric\Numeric.csproj", "{E0452F2F-CEAD-4902-8EBA-2929DB520E50}"
EndProject
Global
	GlobalSection(SolutionConfigurationPlatforms) = preSolution
		Debug|Any CPU = Debug|Any CPU
		Release|Any CPU = Release|Any CPU
	EndGlobalSection
	GlobalSection(ProjectConfigurationPlatforms) = postSolution
		{E0452F2F-CEAD-4902-8EBA-2929DB520E50}.Debug|Any CPU.ActiveCfg = Debug|Any CPU
		{E0452F2F-CEAD-4902-8EBA-2929DB520E50}.Debug|Any CPU.Build.0 = Debug|Any CPU
		{E0452F2F-CEAD-4902-8EBA-2929DB520E50}.Release|Any CPU.ActiveCfg = Release|Any CPU
		{E0452F2F-CEAD-4902-8EBA-2929DB520E50}.Release|Any CPU.Build.0 = Release|Any CPU
	EndGlobalSection
	GlobalSection(SolutionProperties) = preSolution
		HideSolutionNode = FALSE
	EndGlobalSection
	GlobalSection(ExtensibilityGlobals) = postSolution
		SolutionGuid = {F12CF797-F535-4F08-9F1D-73679A3B278C}
	EndGlobalSection
EndGlobal
